Microsoft Visual Studio Solution File, Format Version 12.00
# Visual Studio Version 17
VisualStudioVersion = 17.0.31717.71
MinimumVisualStudioVersion = 10.0.40219.1
Project("{9A19103F-16F7-4668-BE54-9A1E7A4F7556}") = "FightArchive", "FightArchive.csproj", "{15B96977-9B84-4AF7-B926-2D8A4C26D1E7}"
EndProject
Global
	GlobalSection(SolutionConfigurationPlatforms) = preSolution
		Debug|Any CPU = Debug|Any CPU
		Release|Any CPU = Release|Any CPU
	EndGlobalSection
	GlobalSection(ProjectConfigurationPlatforms) = postSolution
		{15B96977-9B84-4AF7-B926-2D8A4C26D1E7}.Debug|Any CPU.ActiveCfg = Debug|Any CPU
		{15B96977-9B84-4AF7-B926-2D8A4C26D1E7}.Debug|Any CPU.Build.0 = Debug|Any CPU
		{15B96977-9B84-4AF7-B926-2D8A4C26D1E7}.Release|Any CPU.ActiveCfg = Release|Any CPU
		{15B96977-9B84-4AF7-B926-2D8A4C26D1E7}.Release|Any CPU.Build.0 = Release|Any CPU
	EndGlobalSection
	GlobalSection(SolutionProperties) = preSolution
		HideSolutionNode = FALSE
	EndGlobalSection
	GlobalSection(ExtensibilityGlobals) = postSolution
		SolutionGuid = {56D1E797-CCC1-430D-A3F9-4A40172364DC}
	EndGlobalSection
EndGlobal
